// !$*UTF8*$!
{
	archiveVersion = 1;
	classes = {
	};
	objectVersion = 46;
	objects = {

/* Begin PBXBuildFile section */
		FA5F6D2A1F3E8C7A00DF71FF /* ChampionDetailsEquatable.swift in Sources */ = {isa = PBXBuildFile; fileRef = FA5F6D291F3E8C7A00DF71FF /* ChampionDetailsEquatable.swift */; };
		FA5F6D361F3EB04C00DF71FF /* RiotError&Result.swift in Sources */ = {isa = PBXBuildFile; fileRef = FA5F6D351F3EB04C00DF71FF /* RiotError&Result.swift */; };
		FA897DF71F3EE4C700E06FC8 /* StartupScreen.jpg in Resources */ = {isa = PBXBuildFile; fileRef = FA897DF61F3EE4C700E06FC8 /* StartupScreen.jpg */; };
		FA8EB3DE1F3D7052003FEE0D /* AppDelegate.swift in Sources */ = {isa = PBXBuildFile; fileRef = FA8EB3DD1F3D7052003FEE0D /* AppDelegate.swift */; };
		FA8EB3E01F3D7052003FEE0D /* ChampionDetailViewController.swift in Sources */ = {isa = PBXBuildFile; fileRef = FA8EB3DF1F3D7052003FEE0D /* ChampionDetailViewController.swift */; };
		FA8EB3E31F3D7052003FEE0D /* Main.storyboard in Resources */ = {isa = PBXBuildFile; fileRef = FA8EB3E11F3D7052003FEE0D /* Main.storyboard */; };
		FA8EB3E81F3D7052003FEE0D /* Assets.xcassets in Resources */ = {isa = PBXBuildFile; fileRef = FA8EB3E71F3D7052003FEE0D /* Assets.xcassets */; };
		FA8EB3EB1F3D7052003FEE0D /* LaunchScreen.storyboard in Resources */ = {isa = PBXBuildFile; fileRef = FA8EB3E91F3D7052003FEE0D /* LaunchScreen.storyboard */; };
		FA8EB3F71F3D7143003FEE0D /* ImageCoreData.swift in Sources */ = {isa = PBXBuildFile; fileRef = FA8EB3F61F3D7143003FEE0D /* ImageCoreData.swift */; };
		FA8EB3F91F3D714A003FEE0D /* ChampionCoreData.swift in Sources */ = {isa = PBXBuildFile; fileRef = FA8EB3F81F3D714A003FEE0D /* ChampionCoreData.swift */; };
		FA8EB3FD1F3D7183003FEE0D /* ChampionDetails.swift in Sources */ = {isa = PBXBuildFile; fileRef = FA8EB3FC1F3D7183003FEE0D /* ChampionDetails.swift */; };
		FA8EB3FF1F3D7198003FEE0D /* RiotClient.swift in Sources */ = {isa = PBXBuildFile; fileRef = FA8EB3FE1F3D7198003FEE0D /* RiotClient.swift */; };
		FA8EB4011F3D7217003FEE0D /* ChampionsViewController.swift in Sources */ = {isa = PBXBuildFile; fileRef = FA8EB4001F3D7217003FEE0D /* ChampionsViewController.swift */; };
		FA8EB4061F3D72B7003FEE0D /* ChampionCollectionViewCell.swift in Sources */ = {isa = PBXBuildFile; fileRef = FA8EB4051F3D72B7003FEE0D /* ChampionCollectionViewCell.swift */; };
		FA8EB4081F3D7DAA003FEE0D /* RiotConstants.swift in Sources */ = {isa = PBXBuildFile; fileRef = FA8EB4071F3D7DAA003FEE0D /* RiotConstants.swift */; };
/* End PBXBuildFile section */

/* Begin PBXFileReference section */
		FA5F6D291F3E8C7A00DF71FF /* ChampionDetailsEquatable.swift */ = {isa = PBXFileReference; fileEncoding = 4; lastKnownFileType = sourcecode.swift; path = ChampionDetailsEquatable.swift; sourceTree = "<group>"; };
		FA5F6D351F3EB04C00DF71FF /* RiotError&Result.swift */ = {isa = PBXFileReference; fileEncoding = 4; lastKnownFileType = sourcecode.swift; path = "RiotError&Result.swift"; sourceTree = "<group>"; };
		FA897DF61F3EE4C700E06FC8 /* StartupScreen.jpg */ = {isa = PBXFileReference; lastKnownFileType = image.jpeg; path = StartupScreen.jpg; sourceTree = "<group>"; };
		FA8EB3DA1F3D7052003FEE0D /* iLoL.app */ = {isa = PBXFileReference; explicitFileType = wrapper.application; includeInIndex = 0; path = iLoL.app; sourceTree = BUILT_PRODUCTS_DIR; };
		FA8EB3DD1F3D7052003FEE0D /* AppDelegate.swift */ = {isa = PBXFileReference; lastKnownFileType = sourcecode.swift; path = AppDelegate.swift; sourceTree = "<group>"; };
		FA8EB3DF1F3D7052003FEE0D /* ChampionDetailViewController.swift */ = {isa = PBXFileReference; lastKnownFileType = sourcecode.swift; path = ChampionDetailViewController.swift; sourceTree = "<group>"; };
		FA8EB3E21F3D7052003FEE0D /* Base */ = {isa = PBXFileReference; lastKnownFileType = file.storyboard; name = Base; path = Base.lproj/Main.storyboard; sourceTree = "<group>"; };
		FA8EB3E71F3D7052003FEE0D /* Assets.xcassets */ = {isa = PBXFileReference; lastKnownFileType = folder.assetcatalog; path = Assets.xcassets; sourceTree = "<group>"; };
		FA8EB3EA1F3D7052003FEE0D /* Base */ = {isa = PBXFileReference; lastKnownFileType = file.storyboard; name = Base; path = Base.lproj/LaunchScreen.storyboard; sourceTree = "<group>"; };
		FA8EB3EC1F3D7052003FEE0D /* Info.plist */ = {isa = PBXFileReference; lastKnownFileType = text.plist.xml; path = Info.plist; sourceTree = "<group>"; };
		FA8EB3F61F3D7143003FEE0D /* ImageCoreData.swift */ = {isa = PBXFileReference; fileEncoding = 4; lastKnownFileType = sourcecode.swift; path = ImageCoreData.swift; sourceTree = "<group>"; };
		FA8EB3F81F3D714A003FEE0D /* ChampionCoreData.swift */ = {isa = PBXFileReference; fileEncoding = 4; lastKnownFileType = sourcecode.swift; path = ChampionCoreData.swift; sourceTree = "<group>"; };
		FA8EB3FC1F3D7183003FEE0D /* ChampionDetails.swift */ = {isa = PBXFileReference; fileEncoding = 4; lastKnownFileType = sourcecode.swift; path = ChampionDetails.swift; sourceTree = "<group>"; };
		FA8EB3FE1F3D7198003FEE0D /* RiotClient.swift */ = {isa = PBXFileReference; fileEncoding = 4; lastKnownFileType = sourcecode.swift; path = RiotClient.swift; sourceTree = "<group>"; };
		FA8EB4001F3D7217003FEE0D /* ChampionsViewController.swift */ = {isa = PBXFileReference; fileEncoding = 4; lastKnownFileType = sourcecode.swift; path = ChampionsViewController.swift; sourceTree = "<group>"; };
		FA8EB4051F3D72B7003FEE0D /* ChampionCollectionViewCell.swift */ = {isa = PBXFileReference; fileEncoding = 4; lastKnownFileType = sourcecode.swift; path = ChampionCollectionViewCell.swift; sourceTree = "<group>"; };
		FA8EB4071F3D7DAA003FEE0D /* RiotConstants.swift */ = {isa = PBXFileReference; fileEncoding = 4; lastKnownFileType = sourcecode.swift; path = RiotConstants.swift; sourceTree = "<group>"; };
/* End PBXFileReference section */

/* Begin PBXFrameworksBuildPhase section */
		FA8EB3D71F3D7052003FEE0D /* Frameworks */ = {
			isa = PBXFrameworksBuildPhase;
			buildActionMask = 2147483647;
			files = (
			);
			runOnlyForDeploymentPostprocessing = 0;
		};
/* End PBXFrameworksBuildPhase section */

/* Begin PBXGroup section */
		FA5F6D2E1F3E9B1200DF71FF /* RiotStore */ = {
			isa = PBXGroup;
			children = (
				FA8EB3F81F3D714A003FEE0D /* ChampionCoreData.swift */,
				FA8EB3F61F3D7143003FEE0D /* ImageCoreData.swift */,
			);
			name = RiotStore;
			sourceTree = "<group>";
		};
		FA8EB3D11F3D7052003FEE0D = {
			isa = PBXGroup;
			children = (
				FA8EB3DC1F3D7052003FEE0D /* iLoL */,
				FA8EB3DB1F3D7052003FEE0D /* Products */,
			);
			sourceTree = "<group>";
		};
		FA8EB3DB1F3D7052003FEE0D /* Products */ = {
			isa = PBXGroup;
			children = (
				FA8EB3DA1F3D7052003FEE0D /* iLoL.app */,
			);
			name = Products;
			sourceTree = "<group>";
		};
		FA8EB3DC1F3D7052003FEE0D /* iLoL */ = {
			isa = PBXGroup;
			children = (
				FA8EB3F41F3D7067003FEE0D /* Model */,
				FA8EB3F31F3D7062003FEE0D /* View */,
				FA8EB3F21F3D705C003FEE0D /* Controller */,
				FA8EB3F51F3D706B003FEE0D /* Supporting Files */,
			);
			path = iLoL;
			sourceTree = "<group>";
		};
		FA8EB3F21F3D705C003FEE0D /* Controller */ = {
			isa = PBXGroup;
			children = (
				FA8EB4001F3D7217003FEE0D /* ChampionsViewController.swift */,
				FA8EB3DF1F3D7052003FEE0D /* ChampionDetailViewController.swift */,
			);
			name = Controller;
			sourceTree = "<group>";
		};
		FA8EB3F31F3D7062003FEE0D /* View */ = {
			isa = PBXGroup;
			children = (
				FA8EB3E11F3D7052003FEE0D /* Main.storyboard */,
				FA8EB4051F3D72B7003FEE0D /* ChampionCollectionViewCell.swift */,
			);
			name = View;
			sourceTree = "<group>";
		};
		FA8EB3F41F3D7067003FEE0D /* Model */ = {
			isa = PBXGroup;
			children = (
				FA8EB3FB1F3D715D003FEE0D /* RiotAPI */,
				FA8EB3FA1F3D7158003FEE0D /* CoreData */,
			);
			name = Model;
			sourceTree = "<group>";
		};
		FA8EB3F51F3D706B003FEE0D /* Supporting Files */ = {
			isa = PBXGroup;
			children = (
				FA8EB3DD1F3D7052003FEE0D /* AppDelegate.swift */,
				FA8EB3E71F3D7052003FEE0D /* Assets.xcassets */,
				FA8EB3E91F3D7052003FEE0D /* LaunchScreen.storyboard */,
				FA8EB3EC1F3D7052003FEE0D /* Info.plist */,
				FA897DF61F3EE4C700E06FC8 /* StartupScreen.jpg */,
			);
			name = "Supporting Files";
			sourceTree = "<group>";
		};
		FA8EB3FA1F3D7158003FEE0D /* CoreData */ = {
			isa = PBXGroup;
			children = (
				FA5F6D2E1F3E9B1200DF71FF /* RiotStore */,
			);
			name = CoreData;
			sourceTree = "<group>";
		};
		FA8EB3FB1F3D715D003FEE0D /* RiotAPI */ = {
			isa = PBXGroup;
			children = (
				FA8EB3FE1F3D7198003FEE0D /* RiotClient.swift */,
				FA8EB4071F3D7DAA003FEE0D /* RiotConstants.swift */,
				FA8EB3FC1F3D7183003FEE0D /* ChampionDetails.swift */,
				FA5F6D291F3E8C7A00DF71FF /* ChampionDetailsEquatable.swift */,
				FA5F6D351F3EB04C00DF71FF /* RiotError&Result.swift */,
			);
			name = RiotAPI;
			sourceTree = "<group>";
		};
/* End PBXGroup section */

/* Begin PBXNativeTarget section */
		FA8EB3D91F3D7052003FEE0D /* iLoL */ = {
			isa = PBXNativeTarget;
			buildConfigurationList = FA8EB3EF1F3D7052003FEE0D /* Build configuration list for PBXNativeTarget "iLoL" */;
			buildPhases = (
				FA8EB3D61F3D7052003FEE0D /* Sources */,
				FA8EB3D71F3D7052003FEE0D /* Frameworks */,
				FA8EB3D81F3D7052003FEE0D /* Resources */,
			);
			buildRules = (
			);
			dependencies = (
			);
			name = iLoL;
			productName = iLoL;
			productReference = FA8EB3DA1F3D7052003FEE0D /* iLoL.app */;
			productType = "com.apple.product-type.application";
		};
/* End PBXNativeTarget section */

/* Begin PBXProject section */
		FA8EB3D21F3D7052003FEE0D /* Project object */ = {
			isa = PBXProject;
			attributes = {
				LastSwiftUpdateCheck = 0830;
				LastUpgradeCheck = 0830;
				ORGANIZATIONNAME = "Alex Wong";
				TargetAttributes = {
					FA8EB3D91F3D7052003FEE0D = {
						CreatedOnToolsVersion = 8.3.3;
						ProvisioningStyle = Automatic;
					};
				};
			};
			buildConfigurationList = FA8EB3D51F3D7052003FEE0D /* Build configuration list for PBXProject "iLoL" */;
			compatibilityVersion = "Xcode 3.2";
			developmentRegion = English;
			hasScannedForEncodings = 0;
			knownRegions = (
				en,
				Base,
			);
			mainGroup = FA8EB3D11F3D7052003FEE0D;
			productRefGroup = FA8EB3DB1F3D7052003FEE0D /* Products */;
			projectDirPath = "";
			projectRoot = "";
			targets = (
				FA8EB3D91F3D7052003FEE0D /* iLoL */,
			);
		};
/* End PBXProject section */

/* Begin PBXResourcesBuildPhase section */
		FA8EB3D81F3D7052003FEE0D /* Resources */ = {
			isa = PBXResourcesBuildPhase;
			buildActionMask = 2147483647;
			files = (
				FA897DF71F3EE4C700E06FC8 /* StartupScreen.jpg in Resources */,
				FA8EB3EB1F3D7052003FEE0D /* LaunchScreen.storyboard in Resources */,
				FA8EB3E81F3D7052003FEE0D /* Assets.xcassets in Resources */,
				FA8EB3E31F3D7052003FEE0D /* Main.storyboard in Resources */,
			);
			runOnlyForDeploymentPostprocessing = 0;
		};
/* End PBXResourcesBuildPhase section */

/* Begin PBXSourcesBuildPhase section */
		FA8EB3D61F3D7052003FEE0D /* Sources */ = {
			isa = PBXSourcesBuildPhase;
			buildActionMask = 2147483647;
			files = (
				FA5F6D2A1F3E8C7A00DF71FF /* ChampionDetailsEquatable.swift in Sources */,
				FA8EB4061F3D72B7003FEE0D /* ChampionCollectionViewCell.swift in Sources */,
				FA8EB3E01F3D7052003FEE0D /* ChampionDetailViewController.swift in Sources */,
				FA8EB4011F3D7217003FEE0D /* ChampionsViewController.swift in Sources */,
				FA8EB3DE1F3D7052003FEE0D /* AppDelegate.swift in Sources */,
				FA8EB3FF1F3D7198003FEE0D /* RiotClient.swift in Sources */,
				FA8EB4081F3D7DAA003FEE0D /* RiotConstants.swift in Sources */,
				FA8EB3FD1F3D7183003FEE0D /* ChampionDetails.swift in Sources */,
				FA8EB3F91F3D714A003FEE0D /* ChampionCoreData.swift in Sources */,
				FA8EB3F71F3D7143003FEE0D /* ImageCoreData.swift in Sources */,
				FA5F6D361F3EB04C00DF71FF /* RiotError&Result.swift in Sources */,
			);
			runOnlyForDeploymentPostprocessing = 0;
		};
/* End PBXSourcesBuildPhase section */

/* Begin PBXVariantGroup section */
		FA8EB3E11F3D7052003FEE0D /* Main.storyboard */ = {
			isa = PBXVariantGroup;
			children = (
				FA8EB3E21F3D7052003FEE0D /* Base */,
			);
			name = Main.storyboard;
			sourceTree = "<group>";
		};
		FA8EB3E91F3D7052003FEE0D /* LaunchScreen.storyboard */ = {
			isa = PBXVariantGroup;
			children = (
				FA8EB3EA1F3D7052003FEE0D /* Base */,
			);
			name = LaunchScreen.storyboard;
			sourceTree = "<group>";
		};
/* End PBXVariantGroup section */

/* Begin XCBuildConfiguration section */
		FA8EB3ED1F3D7052003FEE0D /* Debug */ = {
			isa = XCBuildConfiguration;
			buildSettings = {
				ALWAYS_SEARCH_USER_PATHS = NO;
				CLANG_ANALYZER_NONNULL = YES;
				CLANG_ANALYZER_NUMBER_OBJECT_CONVERSION = YES_AGGRESSIVE;
				CLANG_CXX_LANGUAGE_STANDARD = "gnu++0x";
				CLANG_CXX_LIBRARY = "libc++";
				CLANG_ENABLE_MODULES = YES;
				CLANG_ENABLE_OBJC_ARC = YES;
				CLANG_WARN_BOOL_CONVERSION = YES;
				CLANG_WARN_CONSTANT_CONVERSION = YES;
				CLANG_WARN_DIRECT_OBJC_ISA_USAGE = YES_ERROR;
				CLANG_WARN_DOCUMENTATION_COMMENTS = YES;
				CLANG_WARN_EMPTY_BODY = YES;
				CLANG_WARN_ENUM_CONVERSION = YES;
				CLANG_WARN_INFINITE_RECURSION = YES;
				CLANG_WARN_INT_CONVERSION = YES;
				CLANG_WARN_OBJC_ROOT_CLASS = YES_ERROR;
				CLANG_WARN_SUSPICIOUS_MOVE = YES;
				CLANG_WARN_UNREACHABLE_CODE = YES;
				CLANG_WARN__DUPLICATE_METHOD_MATCH = YES;
				"CODE_SIGN_IDENTITY[sdk=iphoneos*]" = "iPhone Developer";
				COPY_PHASE_STRIP = NO;
				DEBUG_INFORMATION_FORMAT = dwarf;
				ENABLE_STRICT_OBJC_MSGSEND = YES;
				ENABLE_TESTABILITY = YES;
				GCC_C_LANGUAGE_STANDARD = gnu99;
				GCC_DYNAMIC_NO_PIC = NO;
				GCC_NO_COMMON_BLOCKS = YES;
				GCC_OPTIMIZATION_LEVEL = 0;
				GCC_PREPROCESSOR_DEFINITIONS = (
					"DEBUG=1",
					"$(inherited)",
				);
				GCC_WARN_64_TO_32_BIT_CONVERSION = YES;
				GCC_WARN_ABOUT_RETURN_TYPE = YES_ERROR;
				GCC_WARN_UNDECLARED_SELECTOR = YES;
				GCC_WARN_UNINITIALIZED_AUTOS = YES_AGGRESSIVE;
				GCC_WARN_UNUSED_FUNCTION = YES;
				GCC_WARN_UNUSED_VARIABLE = YES;
				IPHONEOS_DEPLOYMENT_TARGET = 10.3;
				MTL_ENABLE_DEBUG_INFO = YES;
				ONLY_ACTIVE_ARCH = YES;
				SDKROOT = iphoneos;
				SWIFT_ACTIVE_COMPILATION_CONDITIONS = DEBUG;
				SWIFT_OPTIMIZATION_LEVEL = "-Onone";
				TARGETED_DEVICE_FAMILY = "1,2";
			};
			name = Debug;
		};
		FA8EB3EE1F3D7052003FEE0D /* Release */ = {
			isa = XCBuildConfiguration;
			buildSettings = {
				ALWAYS_SEARCH_USER_PATHS = NO;
				CLANG_ANALYZER_NONNULL = YES;
				CLANG_ANALYZER_NUMBER_OBJECT_CONVERSION = YES_AGGRESSIVE;
				CLANG_CXX_LANGUAGE_STANDARD = "gnu++0x";
				CLANG_CXX_LIBRARY = "libc++";
				CLANG_ENABLE_MODULES = YES;
				CLANG_ENABLE_OBJC_ARC = YES;
				CLANG_WARN_BOOL_CONVERSION = YES;
				CLANG_WARN_CONSTANT_CONVERSION = YES;
				CLANG_WARN_DIRECT_OBJC_ISA_USAGE = YES_ERROR;
				CLANG_WARN_DOCUMENTATION_COMMENTS = YES;
				CLANG_WARN_EMPTY_BODY = YES;
				CLANG_WARN_ENUM_CONVERSION = YES;
				CLANG_WARN_INFINITE_RECURSION = YES;
				CLANG_WARN_INT_CONVERSION = YES;
				CLANG_WARN_OBJC_ROOT_CLASS = YES_ERROR;
				CLANG_WARN_SUSPICIOUS_MOVE = YES;
				CLANG_WARN_UNREACHABLE_CODE = YES;
				CLANG_WARN__DUPLICATE_METHOD_MATCH = YES;
				"CODE_SIGN_IDENTITY[sdk=iphoneos*]" = "iPhone Developer";
				COPY_PHASE_STRIP = NO;
				DEBUG_INFORMATION_FORMAT = "dwarf-with-dsym";
				ENABLE_NS_ASSERTIONS = NO;
				ENABLE_STRICT_OBJC_MSGSEND = YES;
				GCC_C_LANGUAGE_STANDARD = gnu99;
				GCC_NO_COMMON_BLOCKS = YES;
				GCC_WARN_64_TO_32_BIT_CONVERSION = YES;
				GCC_WARN_ABOUT_RETURN_TYPE = YES_ERROR;
				GCC_WARN_UNDECLARED_SELECTOR = YES;
				GCC_WARN_UNINITIALIZED_AUTOS = YES_AGGRESSIVE;
				GCC_WARN_UNUSED_FUNCTION = YES;
				GCC_WARN_UNUSED_VARIABLE = YES;
				IPHONEOS_DEPLOYMENT_TARGET = 10.3;
				MTL_ENABLE_DEBUG_INFO = NO;
				SDKROOT = iphoneos;
				SWIFT_OPTIMIZATION_LEVEL = "-Owholemodule";
				TARGETED_DEVICE_FAMILY = "1,2";
				VALIDATE_PRODUCT = YES;
			};
			name = Release;
		};
		FA8EB3F01F3D7052003FEE0D /* Debug */ = {
			isa = XCBuildConfiguration;
			buildSettings = {
				ASSETCATALOG_COMPILER_APPICON_NAME = AppIcon;
				INFOPLIST_FILE = iLoL/Info.plist;
				LD_RUNPATH_SEARCH_PATHS = "$(inherited) @executable_path/Frameworks";
				PRODUCT_BUNDLE_IDENTIFIER = com.alwongg.iLoL;
				PRODUCT_NAME = "$(TARGET_NAME)";
				SWIFT_VERSION = 3.0;
			};
			name = Debug;
		};
		FA8EB3F11F3D7052003FEE0D /* Release */ = {
			isa = XCBuildConfiguration;
			buildSettings = {
				ASSETCATALOG_COMPILER_APPICON_NAME = AppIcon;
				INFOPLIST_FILE = iLoL/Info.plist;
				LD_RUNPATH_SEARCH_PATHS = "$(inherited) @executable_path/Frameworks";
				PRODUCT_BUNDLE_IDENTIFIER = com.alwongg.iLoL;
				PRODUCT_NAME = "$(TARGET_NAME)";
				SWIFT_VERSION = 3.0;
			};
			name = Release;
		};
/* End XCBuildConfiguration section */

/* Begin XCConfigurationList section */
		FA8EB3D51F3D7052003FEE0D /* Build configuration list for PBXProject "iLoL" */ = {
			isa = XCConfigurationList;
			buildConfigurations = (
				FA8EB3ED1F3D7052003FEE0D /* Debug */,
				FA8EB3EE1F3D7052003FEE0D /* Release */,
			);
			defaultConfigurationIsVisible = 0;
			defaultConfigurationName = Release;
		};
		FA8EB3EF1F3D7052003FEE0D /* Build configuration list for PBXNativeTarget "iLoL" */ = {
			isa = XCConfigurationList;
			buildConfigurations = (
				FA8EB3F01F3D7052003FEE0D /* Debug */,
				FA8EB3F11F3D7052003FEE0D /* Release */,
			);
			defaultConfigurationIsVisible = 0;
			defaultConfigurationName = Release;
		};
/* End XCConfigurationList section */
	};
	rootObject = FA8EB3D21F3D7052003FEE0D /* Project object */;
}
